// !$*UTF8*$!
{
	archiveVersion = 1;
	classes = {
	};
	objectVersion = 46;
	objects = {

/* Begin PBXBuildFile section */
		C95D86471E1B0226000ADAEE /* main.mm in Sources */ = {isa = PBXBuildFile; fileRef = C95D86461E1B0226000ADAEE /* main.mm */; };
		C95D864A1E1B0226000ADAEE /* AppDelegate.m in Sources */ = {isa = PBXBuildFile; fileRef = C95D86491E1B0226000ADAEE /* AppDelegate.m */; };
		C95D864D1E1B0226000ADAEE /* ViewController.m in Sources */ = {isa = PBXBuildFile; fileRef = C95D864C1E1B0226000ADAEE /* ViewController.m */; };
		C95D86501E1B0226000ADAEE /* Main.storyboard in Resources */ = {isa = PBXBuildFile; fileRef = C95D864E1E1B0226000ADAEE /* Main.storyboard */; };
		C95D86521E1B0226000ADAEE /* Assets.xcassets in Resources */ = {isa = PBXBuildFile; fileRef = C95D86511E1B0226000ADAEE /* Assets.xcassets */; };
		C95D86551E1B0226000ADAEE /* LaunchScreen.storyboard in Resources */ = {isa = PBXBuildFile; fileRef = C95D86531E1B0226000ADAEE /* LaunchScreen.storyboard */; };
		C95D86601E1B0226000ADAEE /* HelloWorldTests.m in Sources */ = {isa = PBXBuildFile; fileRef = C95D865F1E1B0226000ADAEE /* HelloWorldTests.m */; };
		C95D866B1E1B0226000ADAEE /* HelloWorldUITests.m in Sources */ = {isa = PBXBuildFile; fileRef = C95D866A1E1B0226000ADAEE /* HelloWorldUITests.m */; };
		C95D86941E1B0485000ADAEE /* libhelloworld_objc.a in Frameworks */ = {isa = PBXBuildFile; fileRef = C95D86931E1B0485000ADAEE /* libhelloworld_objc.a */; };
		C95D86961E1B048F000ADAEE /* libdjinni_objc.a in Frameworks */ = {isa = PBXBuildFile; fileRef = C95D86951E1B048F000ADAEE /* libdjinni_objc.a */; };
/* End PBXBuildFile section */

/* Begin PBXContainerItemProxy section */
		C95D865C1E1B0226000ADAEE /* PBXContainerItemProxy */ = {
			isa = PBXContainerItemProxy;
			containerPortal = C95D863A1E1B0226000ADAEE /* Project object */;
			proxyType = 1;
			remoteGlobalIDString = C95D86411E1B0226000ADAEE;
			remoteInfo = HelloWorld;
		};
		C95D86671E1B0226000ADAEE /* PBXContainerItemProxy */ = {
			isa = PBXContainerItemProxy;
			containerPortal = C95D863A1E1B0226000ADAEE /* Project object */;
			proxyType = 1;
			remoteGlobalIDString = C95D86411E1B0226000ADAEE;
			remoteInfo = HelloWorld;
		};
/* End PBXContainerItemProxy section */

/* Begin PBXFileReference section */
		C95D86421E1B0226000ADAEE /* HelloWorld.app */ = {isa = PBXFileReference; explicitFileType = wrapper.application; includeInIndex = 0; path = HelloWorld.app; sourceTree = BUILT_PRODUCTS_DIR; };
		C95D86461E1B0226000ADAEE /* main.mm */ = {isa = PBXFileReference; lastKnownFileType = sourcecode.cpp.objcpp; path = main.mm; sourceTree = "<group>"; };
		C95D86481E1B0226000ADAEE /* AppDelegate.h */ = {isa = PBXFileReference; lastKnownFileType = sourcecode.c.h; path = AppDelegate.h; sourceTree = "<group>"; };
		C95D86491E1B0226000ADAEE /* AppDelegate.m */ = {isa = PBXFileReference; lastKnownFileType = sourcecode.c.objc; path = AppDelegate.m; sourceTree = "<group>"; };
		C95D864B1E1B0226000ADAEE /* ViewController.h */ = {isa = PBXFileReference; lastKnownFileType = sourcecode.c.h; path = ViewController.h; sourceTree = "<group>"; };
		C95D864C1E1B0226000ADAEE /* ViewController.m */ = {isa = PBXFileReference; lastKnownFileType = sourcecode.c.objc; path = ViewController.m; sourceTree = "<group>"; };
		C95D864F1E1B0226000ADAEE /* Base */ = {isa = PBXFileReference; lastKnownFileType = file.storyboard; name = Base; path = Base.lproj/Main.storyboard; sourceTree = "<group>"; };
		C95D86511E1B0226000ADAEE /* Assets.xcassets */ = {isa = PBXFileReference; lastKnownFileType = folder.assetcatalog; path = Assets.xcassets; sourceTree = "<group>"; };
		C95D86541E1B0226000ADAEE /* Base */ = {isa = PBXFileReference; lastKnownFileType = file.storyboard; name = Base; path = Base.lproj/LaunchScreen.storyboard; sourceTree = "<group>"; };
		C95D86561E1B0226000ADAEE /* Info.plist */ = {isa = PBXFileReference; lastKnownFileType = text.plist.xml; path = Info.plist; sourceTree = "<group>"; };
		C95D865B1E1B0226000ADAEE /* HelloWorldTests.xctest */ = {isa = PBXFileReference; explicitFileType = wrapper.cfbundle; includeInIndex = 0; path = HelloWorldTests.xctest; sourceTree = BUILT_PRODUCTS_DIR; };
		C95D865F1E1B0226000ADAEE /* HelloWorldTests.m */ = {isa = PBXFileReference; lastKnownFileType = sourcecode.c.objc; path = HelloWorldTests.m; sourceTree = "<group>"; };
		C95D86611E1B0226000ADAEE /* Info.plist */ = {isa = PBXFileReference; lastKnownFileType = text.plist.xml; path = Info.plist; sourceTree = "<group>"; };
		C95D86661E1B0226000ADAEE /* HelloWorldUITests.xctest */ = {isa = PBXFileReference; explicitFileType = wrapper.cfbundle; includeInIndex = 0; path = HelloWorldUITests.xctest; sourceTree = BUILT_PRODUCTS_DIR; };
		C95D866A1E1B0226000ADAEE /* HelloWorldUITests.m */ = {isa = PBXFileReference; lastKnownFileType = sourcecode.c.objc; path = HelloWorldUITests.m; sourceTree = "<group>"; };
		C95D866C1E1B0226000ADAEE /* Info.plist */ = {isa = PBXFileReference; lastKnownFileType = text.plist.xml; path = Info.plist; sourceTree = "<group>"; };
		C95D86931E1B0485000ADAEE /* libhelloworld_objc.a */ = {isa = PBXFileReference; lastKnownFileType = archive.ar; name = libhelloworld_objc.a; path = "../../build/Debug-iphoneos/libhelloworld_objc.a"; sourceTree = "<group>"; };
		C95D86951E1B048F000ADAEE /* libdjinni_objc.a */ = {isa = PBXFileReference; lastKnownFileType = archive.ar; name = libdjinni_objc.a; path = "../../deps/djinni/support-lib/build/Debug-iphoneos/libdjinni_objc.a"; sourceTree = "<group>"; };
/* End PBXFileReference section */

/* Begin PBXFrameworksBuildPhase section */
		C95D863F1E1B0226000ADAEE /* Frameworks */ = {
			isa = PBXFrameworksBuildPhase;
			buildActionMask = 2147483647;
			files = (
				C95D86961E1B048F000ADAEE /* libdjinni_objc.a in Frameworks */,
				C95D86941E1B0485000ADAEE /* libhelloworld_objc.a in Frameworks */,
			);
			runOnlyForDeploymentPostprocessing = 0;
		};
		C95D86581E1B0226000ADAEE /* Frameworks */ = {
			isa = PBXFrameworksBuildPhase;
			buildActionMask = 2147483647;
			files = (
			);
			runOnlyForDeploymentPostprocessing = 0;
		};
		C95D86631E1B0226000ADAEE /* Frameworks */ = {
			isa = PBXFrameworksBuildPhase;
			buildActionMask = 2147483647;
			files = (
			);
			runOnlyForDeploymentPostprocessing = 0;
		};
/* End PBXFrameworksBuildPhase section */

/* Begin PBXGroup section */
		C95D86391E1B0226000ADAEE = {
			isa = PBXGroup;
			children = (
				C95D86441E1B0226000ADAEE /* HelloWorld */,
				C95D865E1E1B0226000ADAEE /* HelloWorldTests */,
				C95D86691E1B0226000ADAEE /* HelloWorldUITests */,
				C95D86431E1B0226000ADAEE /* Products */,
				C95D86921E1B0485000ADAEE /* Frameworks */,
			);
			sourceTree = "<group>";
		};
		C95D86431E1B0226000ADAEE /* Products */ = {
			isa = PBXGroup;
			children = (
				C95D86421E1B0226000ADAEE /* HelloWorld.app */,
				C95D865B1E1B0226000ADAEE /* HelloWorldTests.xctest */,
				C95D86661E1B0226000ADAEE /* HelloWorldUITests.xctest */,
			);
			name = Products;
			sourceTree = "<group>";
		};
		C95D86441E1B0226000ADAEE /* HelloWorld */ = {
			isa = PBXGroup;
			children = (
				C95D86481E1B0226000ADAEE /* AppDelegate.h */,
				C95D86491E1B0226000ADAEE /* AppDelegate.m */,
				C95D864B1E1B0226000ADAEE /* ViewController.h */,
				C95D864C1E1B0226000ADAEE /* ViewController.m */,
				C95D864E1E1B0226000ADAEE /* Main.storyboard */,
				C95D86511E1B0226000ADAEE /* Assets.xcassets */,
				C95D86531E1B0226000ADAEE /* LaunchScreen.storyboard */,
				C95D86561E1B0226000ADAEE /* Info.plist */,
				C95D86451E1B0226000ADAEE /* Supporting Files */,
			);
			path = HelloWorld;
			sourceTree = "<group>";
		};
		C95D86451E1B0226000ADAEE /* Supporting Files */ = {
			isa = PBXGroup;
			children = (
				C95D86461E1B0226000ADAEE /* main.mm */,
			);
			name = "Supporting Files";
			sourceTree = "<group>";
		};
		C95D865E1E1B0226000ADAEE /* HelloWorldTests */ = {
			isa = PBXGroup;
			children = (
				C95D865F1E1B0226000ADAEE /* HelloWorldTests.m */,
				C95D86611E1B0226000ADAEE /* Info.plist */,
			);
			path = HelloWorldTests;
			sourceTree = "<group>";
		};
		C95D86691E1B0226000ADAEE /* HelloWorldUITests */ = {
			isa = PBXGroup;
			children = (
				C95D866A1E1B0226000ADAEE /* HelloWorldUITests.m */,
				C95D866C1E1B0226000ADAEE /* Info.plist */,
			);
			path = HelloWorldUITests;
			sourceTree = "<group>";
		};
		C95D86921E1B0485000ADAEE /* Frameworks */ = {
			isa = PBXGroup;
			children = (
				C95D86951E1B048F000ADAEE /* libdjinni_objc.a */,
				C95D86931E1B0485000ADAEE /* libhelloworld_objc.a */,
			);
			name = Frameworks;
			sourceTree = "<group>";
		};
/* End PBXGroup section */

/* Begin PBXNativeTarget section */
		C95D86411E1B0226000ADAEE /* HelloWorld */ = {
			isa = PBXNativeTarget;
			buildConfigurationList = C95D866F1E1B0226000ADAEE /* Build configuration list for PBXNativeTarget "HelloWorld" */;
			buildPhases = (
				C95D863E1E1B0226000ADAEE /* Sources */,
				C95D863F1E1B0226000ADAEE /* Frameworks */,
				C95D86401E1B0226000ADAEE /* Resources */,
			);
			buildRules = (
			);
			dependencies = (
			);
			name = HelloWorld;
			productName = HelloWorld;
			productReference = C95D86421E1B0226000ADAEE /* HelloWorld.app */;
			productType = "com.apple.product-type.application";
		};
		C95D865A1E1B0226000ADAEE /* HelloWorldTests */ = {
			isa = PBXNativeTarget;
			buildConfigurationList = C95D86721E1B0226000ADAEE /* Build configuration list for PBXNativeTarget "HelloWorldTests" */;
			buildPhases = (
				C95D86571E1B0226000ADAEE /* Sources */,
				C95D86581E1B0226000ADAEE /* Frameworks */,
				C95D86591E1B0226000ADAEE /* Resources */,
			);
			buildRules = (
			);
			dependencies = (
				C95D865D1E1B0226000ADAEE /* PBXTargetDependency */,
			);
			name = HelloWorldTests;
			productName = HelloWorldTests;
			productReference = C95D865B1E1B0226000ADAEE /* HelloWorldTests.xctest */;
			productType = "com.apple.product-type.bundle.unit-test";
		};
		C95D86651E1B0226000ADAEE /* HelloWorldUITests */ = {
			isa = PBXNativeTarget;
			buildConfigurationList = C95D86751E1B0226000ADAEE /* Build configuration list for PBXNativeTarget "HelloWorldUITests" */;
			buildPhases = (
				C95D86621E1B0226000ADAEE /* Sources */,
				C95D86631E1B0226000ADAEE /* Frameworks */,
				C95D86641E1B0226000ADAEE /* Resources */,
			);
			buildRules = (
			);
			dependencies = (
				C95D86681E1B0226000ADAEE /* PBXTargetDependency */,
			);
			name = HelloWorldUITests;
			productName = HelloWorldUITests;
			productReference = C95D86661E1B0226000ADAEE /* HelloWorldUITests.xctest */;
			productType = "com.apple.product-type.bundle.ui-testing";
		};
/* End PBXNativeTarget section */

/* Begin PBXProject section */
		C95D863A1E1B0226000ADAEE /* Project object */ = {
			isa = PBXProject;
			attributes = {
				LastUpgradeCheck = 0820;
				ORGANIZATIONNAME = "Matt Chowning";
				TargetAttributes = {
					C95D86411E1B0226000ADAEE = {
						CreatedOnToolsVersion = 8.2.1;
						ProvisioningStyle = Automatic;
					};
					C95D865A1E1B0226000ADAEE = {
						CreatedOnToolsVersion = 8.2.1;
						ProvisioningStyle = Automatic;
						TestTargetID = C95D86411E1B0226000ADAEE;
					};
					C95D86651E1B0226000ADAEE = {
						CreatedOnToolsVersion = 8.2.1;
						ProvisioningStyle = Automatic;
						TestTargetID = C95D86411E1B0226000ADAEE;
					};
				};
			};
			buildConfigurationList = C95D863D1E1B0226000ADAEE /* Build configuration list for PBXProject "HelloWorld" */;
			compatibilityVersion = "Xcode 3.2";
			developmentRegion = English;
			hasScannedForEncodings = 0;
			knownRegions = (
				en,
				Base,
			);
			mainGroup = C95D86391E1B0226000ADAEE;
			productRefGroup = C95D86431E1B0226000ADAEE /* Products */;
			projectDirPath = "";
			projectRoot = "";
			targets = (
				C95D86411E1B0226000ADAEE /* HelloWorld */,
				C95D865A1E1B0226000ADAEE /* HelloWorldTests */,
				C95D86651E1B0226000ADAEE /* HelloWorldUITests */,
			);
		};
/* End PBXProject section */

/* Begin PBXResourcesBuildPhase section */
		C95D86401E1B0226000ADAEE /* Resources */ = {
			isa = PBXResourcesBuildPhase;
			buildActionMask = 2147483647;
			files = (
				C95D86551E1B0226000ADAEE /* LaunchScreen.storyboard in Resources */,
				C95D86521E1B0226000ADAEE /* Assets.xcassets in Resources */,
				C95D86501E1B0226000ADAEE /* Main.storyboard in Resources */,
			);
			runOnlyForDeploymentPostprocessing = 0;
		};
		C95D86591E1B0226000ADAEE /* Resources */ = {
			isa = PBXResourcesBuildPhase;
			buildActionMask = 2147483647;
			files = (
			);
			runOnlyForDeploymentPostprocessing = 0;
		};
		C95D86641E1B0226000ADAEE /* Resources */ = {
			isa = PBXResourcesBuildPhase;
			buildActionMask = 2147483647;
			files = (
			);
			runOnlyForDeploymentPostprocessing = 0;
		};
/* End PBXResourcesBuildPhase section */

/* Begin PBXSourcesBuildPhase section */
		C95D863E1E1B0226000ADAEE /* Sources */ = {
			isa = PBXSourcesBuildPhase;
			buildActionMask = 2147483647;
			files = (
				C95D864D1E1B0226000ADAEE /* ViewController.m in Sources */,
				C95D864A1E1B0226000ADAEE /* AppDelegate.m in Sources */,
				C95D86471E1B0226000ADAEE /* main.mm in Sources */,
			);
			runOnlyForDeploymentPostprocessing = 0;
		};
		C95D86571E1B0226000ADAEE /* Sources */ = {
			isa = PBXSourcesBuildPhase;
			buildActionMask = 2147483647;
			files = (
				C95D86601E1B0226000ADAEE /* HelloWorldTests.m in Sources */,
			);
			runOnlyForDeploymentPostprocessing = 0;
		};
		C95D86621E1B0226000ADAEE /* Sources */ = {
			isa = PBXSourcesBuildPhase;
			buildActionMask = 2147483647;
			files = (
				C95D866B1E1B0226000ADAEE /* HelloWorldUITests.m in Sources */,
			);
			runOnlyForDeploymentPostprocessing = 0;
		};
/* End PBXSourcesBuildPhase section */

/* Begin PBXTargetDependency section */
		C95D865D1E1B0226000ADAEE /* PBXTargetDependency */ = {
			isa = PBXTargetDependency;
			target = C95D86411E1B0226000ADAEE /* HelloWorld */;
			targetProxy = C95D865C1E1B0226000ADAEE /* PBXContainerItemProxy */;
		};
		C95D86681E1B0226000ADAEE /* PBXTargetDependency */ = {
			isa = PBXTargetDependency;
			target = C95D86411E1B0226000ADAEE /* HelloWorld */;
			targetProxy = C95D86671E1B0226000ADAEE /* PBXContainerItemProxy */;
		};
/* End PBXTargetDependency section */

/* Begin PBXVariantGroup section */
		C95D864E1E1B0226000ADAEE /* Main.storyboard */ = {
			isa = PBXVariantGroup;
			children = (
				C95D864F1E1B0226000ADAEE /* Base */,
			);
			name = Main.storyboard;
			sourceTree = "<group>";
		};
		C95D86531E1B0226000ADAEE /* LaunchScreen.storyboard */ = {
			isa = PBXVariantGroup;
			children = (
				C95D86541E1B0226000ADAEE /* Base */,
			);
			name = LaunchScreen.storyboard;
			sourceTree = "<group>";
		};
/* End PBXVariantGroup section */

/* Begin XCBuildConfiguration section */
		C95D866D1E1B0226000ADAEE /* Debug */ = {
			isa = XCBuildConfiguration;
			buildSettings = {
				ALWAYS_SEARCH_USER_PATHS = NO;
				CLANG_ANALYZER_NONNULL = YES;
				CLANG_CXX_LANGUAGE_STANDARD = "gnu++0x";
				CLANG_CXX_LIBRARY = "libc++";
				CLANG_ENABLE_MODULES = YES;
				CLANG_ENABLE_OBJC_ARC = YES;
				CLANG_WARN_BOOL_CONVERSION = YES;
				CLANG_WARN_CONSTANT_CONVERSION = YES;
				CLANG_WARN_DIRECT_OBJC_ISA_USAGE = YES_ERROR;
				CLANG_WARN_DOCUMENTATION_COMMENTS = YES;
				CLANG_WARN_EMPTY_BODY = YES;
				CLANG_WARN_ENUM_CONVERSION = YES;
				CLANG_WARN_INFINITE_RECURSION = YES;
				CLANG_WARN_INT_CONVERSION = YES;
				CLANG_WARN_OBJC_ROOT_CLASS = YES_ERROR;
				CLANG_WARN_SUSPICIOUS_MOVE = YES;
				CLANG_WARN_UNREACHABLE_CODE = YES;
				CLANG_WARN__DUPLICATE_METHOD_MATCH = YES;
				"CODE_SIGN_IDENTITY[sdk=iphoneos*]" = "iPhone Developer";
				COPY_PHASE_STRIP = NO;
				DEBUG_INFORMATION_FORMAT = dwarf;
				ENABLE_STRICT_OBJC_MSGSEND = YES;
				ENABLE_TESTABILITY = YES;
				GCC_C_LANGUAGE_STANDARD = gnu99;
				GCC_DYNAMIC_NO_PIC = NO;
				GCC_NO_COMMON_BLOCKS = YES;
				GCC_OPTIMIZATION_LEVEL = 0;
				GCC_PREPROCESSOR_DEFINITIONS = (
					"DEBUG=1",
					"$(inherited)",
				);
				GCC_WARN_64_TO_32_BIT_CONVERSION = YES;
				GCC_WARN_ABOUT_RETURN_TYPE = YES_ERROR;
				GCC_WARN_UNDECLARED_SELECTOR = YES;
				GCC_WARN_UNINITIALIZED_AUTOS = YES_AGGRESSIVE;
				GCC_WARN_UNUSED_FUNCTION = YES;
				GCC_WARN_UNUSED_VARIABLE = YES;
				IPHONEOS_DEPLOYMENT_TARGET = 10.2;
				MTL_ENABLE_DEBUG_INFO = YES;
				ONLY_ACTIVE_ARCH = YES;
				SDKROOT = iphoneos;
				TARGETED_DEVICE_FAMILY = "1,2";
			};
			name = Debug;
		};
		C95D866E1E1B0226000ADAEE /* Release */ = {
			isa = XCBuildConfiguration;
			buildSettings = {
				ALWAYS_SEARCH_USER_PATHS = NO;
				CLANG_ANALYZER_NONNULL = YES;
				CLANG_CXX_LANGUAGE_STANDARD = "gnu++0x";
				CLANG_CXX_LIBRARY = "libc++";
				CLANG_ENABLE_MODULES = YES;
				CLANG_ENABLE_OBJC_ARC = YES;
				CLANG_WARN_BOOL_CONVERSION = YES;
				CLANG_WARN_CONSTANT_CONVERSION = YES;
				CLANG_WARN_DIRECT_OBJC_ISA_USAGE = YES_ERROR;
				CLANG_WARN_DOCUMENTATION_COMMENTS = YES;
				CLANG_WARN_EMPTY_BODY = YES;
				CLANG_WARN_ENUM_CONVERSION = YES;
				CLANG_WARN_INFINITE_RECURSION = YES;
				CLANG_WARN_INT_CONVERSION = YES;
				CLANG_WARN_OBJC_ROOT_CLASS = YES_ERROR;
				CLANG_WARN_SUSPICIOUS_MOVE = YES;
				CLANG_WARN_UNREACHABLE_CODE = YES;
				CLANG_WARN__DUPLICATE_METHOD_MATCH = YES;
				"CODE_SIGN_IDENTITY[sdk=iphoneos*]" = "iPhone Developer";
				COPY_PHASE_STRIP = NO;
				DEBUG_INFORMATION_FORMAT = "dwarf-with-dsym";
				ENABLE_NS_ASSERTIONS = NO;
				ENABLE_STRICT_OBJC_MSGSEND = YES;
				GCC_C_LANGUAGE_STANDARD = gnu99;
				GCC_NO_COMMON_BLOCKS = YES;
				GCC_WARN_64_TO_32_BIT_CONVERSION = YES;
				GCC_WARN_ABOUT_RETURN_TYPE = YES_ERROR;
				GCC_WARN_UNDECLARED_SELECTOR = YES;
				GCC_WARN_UNINITIALIZED_AUTOS = YES_AGGRESSIVE;
				GCC_WARN_UNUSED_FUNCTION = YES;
				GCC_WARN_UNUSED_VARIABLE = YES;
				IPHONEOS_DEPLOYMENT_TARGET = 10.2;
				MTL_ENABLE_DEBUG_INFO = NO;
				SDKROOT = iphoneos;
				TARGETED_DEVICE_FAMILY = "1,2";
				VALIDATE_PRODUCT = YES;
			};
			name = Release;
		};
		C95D86701E1B0226000ADAEE /* Debug */ = {
			isa = XCBuildConfiguration;
			buildSettings = {
				ASSETCATALOG_COMPILER_APPICON_NAME = AppIcon;
				INFOPLIST_FILE = HelloWorld/Info.plist;
				LD_RUNPATH_SEARCH_PATHS = "$(inherited) @executable_path/Frameworks";
				PRODUCT_BUNDLE_IDENTIFIER = com.chowning.HelloWorld;
				PRODUCT_NAME = "$(TARGET_NAME)";
				USER_HEADER_SEARCH_PATHS = "$(SRCROOT)/../../deps/djinni/support-lib/objc $(SRCROOT)/../../generated-src/objc";
			};
			name = Debug;
		};
		C95D86711E1B0226000ADAEE /* Release */ = {
			isa = XCBuildConfiguration;
			buildSettings = {
				ASSETCATALOG_COMPILER_APPICON_NAME = AppIcon;
				INFOPLIST_FILE = HelloWorld/Info.plist;
				LD_RUNPATH_SEARCH_PATHS = "$(inherited) @executable_path/Frameworks";
				PRODUCT_BUNDLE_IDENTIFIER = com.chowning.HelloWorld;
				PRODUCT_NAME = "$(TARGET_NAME)";
				USER_HEADER_SEARCH_PATHS = "$(SRCROOT)/../../deps/djinni/support-lib/objc $(SRCROOT)/../../generated-src/objc";
			};
			name = Release;
		};
		C95D86731E1B0226000ADAEE /* Debug */ = {
			isa = XCBuildConfiguration;
			buildSettings = {
				BUNDLE_LOADER = "$(TEST_HOST)";
				INFOPLIST_FILE = HelloWorldTests/Info.plist;
				LD_RUNPATH_SEARCH_PATHS = "$(inherited) @executable_path/Frameworks @loader_path/Frameworks";
				PRODUCT_BUNDLE_IDENTIFIER = com.chowning.HelloWorldTests;
				PRODUCT_NAME = "$(TARGET_NAME)";
				TEST_HOST = "$(BUILT_PRODUCTS_DIR)/HelloWorld.app/HelloWorld";
			};
			name = Debug;
		};
		C95D86741E1B0226000ADAEE /* Release */ = {
			isa = XCBuildConfiguration;
			buildSettings = {
				BUNDLE_LOADER = "$(TEST_HOST)";
				INFOPLIST_FILE = HelloWorldTests/Info.plist;
				LD_RUNPATH_SEARCH_PATHS = "$(inherited) @executable_path/Frameworks @loader_path/Frameworks";
				PRODUCT_BUNDLE_IDENTIFIER = com.chowning.HelloWorldTests;
				PRODUCT_NAME = "$(TARGET_NAME)";
				TEST_HOST = "$(BUILT_PRODUCTS_DIR)/HelloWorld.app/HelloWorld";
			};
			name = Release;
		};
		C95D86761E1B0226000ADAEE /* Debug */ = {
			isa = XCBuildConfiguration;
			buildSettings = {
				INFOPLIST_FILE = HelloWorldUITests/Info.plist;
				LD_RUNPATH_SEARCH_PATHS = "$(inherited) @executable_path/Frameworks @loader_path/Frameworks";
				PRODUCT_BUNDLE_IDENTIFIER = com.chowning.HelloWorldUITests;
				PRODUCT_NAME = "$(TARGET_NAME)";
				TEST_TARGET_NAME = HelloWorld;
			};
			name = Debug;
		};
		C95D86771E1B0226000ADAEE /* Release */ = {
			isa = XCBuildConfiguration;
			buildSettings = {
				INFOPLIST_FILE = HelloWorldUITests/Info.plist;
				LD_RUNPATH_SEARCH_PATHS = "$(inherited) @executable_path/Frameworks @loader_path/Frameworks";
				PRODUCT_BUNDLE_IDENTIFIER = com.chowning.HelloWorldUITests;
				PRODUCT_NAME = "$(TARGET_NAME)";
				TEST_TARGET_NAME = HelloWorld;
			};
			name = Release;
		};
/* End XCBuildConfiguration section */

/* Begin XCConfigurationList section */
		C95D863D1E1B0226000ADAEE /* Build configuration list for PBXProject "HelloWorld" */ = {
			isa = XCConfigurationList;
			buildConfigurations = (
				C95D866D1E1B0226000ADAEE /* Debug */,
				C95D866E1E1B0226000ADAEE /* Release */,
			);
			defaultConfigurationIsVisible = 0;
			defaultConfigurationName = Release;
		};
		C95D866F1E1B0226000ADAEE /* Build configuration list for PBXNativeTarget "HelloWorld" */ = {
			isa = XCConfigurationList;
			buildConfigurations = (
				C95D86701E1B0226000ADAEE /* Debug */,
				C95D86711E1B0226000ADAEE /* Release */,
			);
			defaultConfigurationIsVisible = 0;
		};
		C95D86721E1B0226000ADAEE /* Build configuration list for PBXNativeTarget "HelloWorldTests" */ = {
			isa = XCConfigurationList;
			buildConfigurations = (
				C95D86731E1B0226000ADAEE /* Debug */,
				C95D86741E1B0226000ADAEE /* Release */,
			);
			defaultConfigurationIsVisible = 0;
		};
		C95D86751E1B0226000ADAEE /* Build configuration list for PBXNativeTarget "HelloWorldUITests" */ = {
			isa = XCConfigurationList;
			buildConfigurations = (
				C95D86761E1B0226000ADAEE /* Debug */,
				C95D86771E1B0226000ADAEE /* Release */,
			);
			defaultConfigurationIsVisible = 0;
		};
/* End XCConfigurationList section */
	};
	rootObject = C95D863A1E1B0226000ADAEE /* Project object */;
}
